{
  "requires": true,
  "lockfileVersion": 1,
  "dependencies": {
    "turbocommons-ts": {
      "version": "3.8.0",
      "resolved": "https://registry.npmjs.org/turbocommons-ts/-/turbocommons-ts-3.8.0.tgz",
      "integrity": "sha512-EQRCm2r944M/TqzfRutaCwTN+eHVLPAedaWF8catAHd49biN1UjB9CGLTBT2kI3i9lCccSt84s8YFf54u1WcAg=="
    },
    "turbodepot-node": {
      "version": "7.0.1",
      "resolved": "https://registry.npmjs.org/turbodepot-node/-/turbodepot-node-7.0.1.tgz",
      "integrity": "sha512-y48+ip6Swkz0VCYfRmY82uXH8LwJAaOuKnQ7wkDdnsk9q4XtqHv5KKJ6VutdBncdAZ7PZfQlky9BHxwJ10lHmg==",
      "requires": {
        "turbocommons-ts": "^3.7.0"
      }
    }
  }
}
